{
  "originHash" : "c8b010497f71b5882d0ff3818ab70c555b7548d495e08c81642c18644cc6f375",
  "pins" : [
    {
      "identity" : "detaileddescription",
      "kind" : "remoteSourceControl",
      "location" : "https://github.com/Vaida12345/DetailedDescription.git",
      "state" : {
        "revision" : "d4ae923e6cc5dadc7219d54cbf31912889f7bf33",
        "version" : "2.1.1"
      }
    },
    {
      "identity" : "essentials",
      "kind" : "remoteSourceControl",
      "location" : "https://github.com/Vaida12345/Essentials.git",
      "state" : {
        "revision" : "3af3ea5b2ef7f92edd58a209a2e70a8c1a090c10",
        "version" : "1.1.9"
      }
    }
  ],
  "version" : 3
}
